
Microsoft Visual Studio Solution File, Format Version 12.00
# Visual Studio Version 16
VisualStudioVersion = 16.0.31205.134
MinimumVisualStudioVersion = 10.0.40219.1
Project("{FAE04EC0-301F-11D3-BF4B-00C04F79EFBC}") = "MoodAnalyser", "MoodAnalyser\MoodAnalyser.csproj", "{E3F014C5-2EC9-4C6A-947B-37D64A29F605}"
EndProject
Project("{FAE04EC0-301F-11D3-BF4B-00C04F79EFBC}") = "MoodAnalyserMSTest", "MoodAnalyserMSTest\MoodAnalyserMSTest.csproj", "{EE19D9FC-5D3E-43D0-B53B-F57158E8F227}"
EndProject
Global
	GlobalSection(SolutionConfigurationPlatforms) = preSolution
		Debug|Any CPU = Debug|Any CPU
		Release|Any CPU = Release|Any CPU
	EndGlobalSection
	GlobalSection(ProjectConfigurationPlatforms) = postSolution
		{E3F014C5-2EC9-4C6A-947B-37D64A29F605}.Debug|Any CPU.ActiveCfg = Debug|Any CPU
		{E3F014C5-2EC9-4C6A-947B-37D64A29F605}.Debug|Any CPU.Build.0 = Debug|Any CPU
		{E3F014C5-2EC9-4C6A-947B-37D64A29F605}.Release|Any CPU.ActiveCfg = Release|Any CPU
		{E3F014C5-2EC9-4C6A-947B-37D64A29F605}.Release|Any CPU.Build.0 = Release|Any CPU
		{EE19D9FC-5D3E-43D0-B53B-F57158E8F227}.Debug|Any CPU.ActiveCfg = Debug|Any CPU
		{EE19D9FC-5D3E-43D0-B53B-F57158E8F227}.Debug|Any CPU.Build.0 = Debug|Any CPU
		{EE19D9FC-5D3E-43D0-B53B-F57158E8F227}.Release|Any CPU.ActiveCfg = Release|Any CPU
		{EE19D9FC-5D3E-43D0-B53B-F57158E8F227}.Release|Any CPU.Build.0 = Release|Any CPU
	EndGlobalSection
	GlobalSection(SolutionProperties) = preSolution
		HideSolutionNode = FALSE
	EndGlobalSection
	GlobalSection(ExtensibilityGlobals) = postSolution
		SolutionGuid = {6A1C2272-DB69-4A1C-906D-3E2521AE1E09}
	EndGlobalSection
EndGlobal
